
Microsoft Visual Studio Solution File, Format Version 12.00
# Visual Studio Version 17
VisualStudioVersion = 17.3.32929.385
MinimumVisualStudioVersion = 10.0.40219.1
Project("{FAE04EC0-301F-11D3-BF4B-00C04F79EFBC}") = "ApiMongo", "ApiMongo\ApiMongo.csproj", "{818F4616-6DD3-4A70-A1B1-EC66850DD713}"
EndProject
Global
	GlobalSection(SolutionConfigurationPlatforms) = preSolution
		Debug|Any CPU = Debug|Any CPU
		Release|Any CPU = Release|Any CPU
	EndGlobalSection
	GlobalSection(ProjectConfigurationPlatforms) = postSolution
		{818F4616-6DD3-4A70-A1B1-EC66850DD713}.Debug|Any CPU.ActiveCfg = Debug|Any CPU
		{818F4616-6DD3-4A70-A1B1-EC66850DD713}.Debug|Any CPU.Build.0 = Debug|Any CPU
		{818F4616-6DD3-4A70-A1B1-EC66850DD713}.Release|Any CPU.ActiveCfg = Release|Any CPU
		{818F4616-6DD3-4A70-A1B1-EC66850DD713}.Release|Any CPU.Build.0 = Release|Any CPU
	EndGlobalSection
	GlobalSection(SolutionProperties) = preSolution
		HideSolutionNode = FALSE
	EndGlobalSection
	GlobalSection(ExtensibilityGlobals) = postSolution
		SolutionGuid = {0E61809D-B246-42FF-9B63-CDB77D4A93B6}
	EndGlobalSection
EndGlobal
